
Microsoft Visual Studio Solution File, Format Version 12.00
# Visual Studio Version 17
VisualStudioVersion = 17.13.35919.96
MinimumVisualStudioVersion = 10.0.40219.1
Project("{2150E333-8FDC-42A3-9474-1A3956D46DE8}") = "FrontEnd", "FrontEnd", "{02EA681E-C7D8-13C7-8484-4AC65E1B71E8}"
EndProject
Project("{2150E333-8FDC-42A3-9474-1A3956D46DE8}") = "Services", "Services", "{BF10217D-D6F9-4822-8D78-F6AE0B628ADE}"
EndProject
Project("{2150E333-8FDC-42A3-9474-1A3956D46DE8}") = "Shares", "Shares", "{33F65A74-8BF1-4511-B386-536AA24C98BA}"
EndProject
Project("{FAE04EC0-301F-11D3-BF4B-00C04F79EFBC}") = "SecShare.FileAPI", "Services\SecShare.FileAPI\SecShare.FileAPI.csproj", "{6DD695A1-1E4C-309C-C7B4-8DCF23BA26DA}"
EndProject
Project("{FAE04EC0-301F-11D3-BF4B-00C04F79EFBC}") = "AuthAPI", "Services\SecShare.AuthAPI\AuthAPI.csproj", "{978333F7-21F2-1FFF-AF90-7848B003F518}"
EndProject
Project("{FAE04EC0-301F-11D3-BF4B-00C04F79EFBC}") = "SecShare.DocumentAPI", "Services\SecShare.DocumentAPI\SecShare.DocumentAPI.csproj", "{EDB46927-3451-E8EE-E88E-5AB1B16B22D6}"
EndProject
Project("{FAE04EC0-301F-11D3-BF4B-00C04F79EFBC}") = "SecShare.GroupAPI", "Services\SecShare.GroupAPI\SecShare.GroupAPI.csproj", "{45665CCD-1E6D-0FD1-5323-EB5858CFDD7D}"
EndProject
Project("{FAE04EC0-301F-11D3-BF4B-00C04F79EFBC}") = "SecShare.PaymentAPI", "Services\SecShare.PaymentAPI\SecShare.PaymentAPI.csproj", "{2F39A19B-4D05-C9AD-F80D-51699378941C}"
EndProject
Project("{FAE04EC0-301F-11D3-BF4B-00C04F79EFBC}") = "SecShare.SubscriptionAPI", "Services\SecShare.SubscriptionAPI\SecShare.SubscriptionAPI.csproj", "{A9F92CEE-FD54-1138-30F9-705DED75A6D4}"
EndProject
Project("{FAE04EC0-301F-11D3-BF4B-00C04F79EFBC}") = "SecShare.Web", "FrontEnd\SecShare.Web\SecShare.Web.csproj", "{220ED661-0B88-47C0-5015-5FC17DF26D16}"
EndProject
Project("{FAE04EC0-301F-11D3-BF4B-00C04F79EFBC}") = "SecShare.Base", "Shares\SecShare.Application\SecShare.Base.csproj", "{6FC14860-6466-7B90-000B-A9EB8ECA5CDD}"
EndProject
Project("{FAE04EC0-301F-11D3-BF4B-00C04F79EFBC}") = "SecShare.Servicer", "Shares\SecShare.Servicer\SecShare.Servicer.csproj", "{2CA51257-E986-4243-A66F-8D36C2B0FE5E}"
EndProject
Project("{FAE04EC0-301F-11D3-BF4B-00C04F79EFBC}") = "SecShare.Infrastructure", "Shares\SecShare.Infrastructure\SecShare.Infrastructure.csproj", "{6720C74B-C390-4A72-48EC-B0F61F4AAA43}"
EndProject
Project("{FAE04EC0-301F-11D3-BF4B-00C04F79EFBC}") = "SecShare.Core", "Shares\SecShare.Domain\SecShare.Core.csproj", "{35BE3FDE-4CD6-BA7D-C3A7-747039A8634D}"
EndProject
Project("{FAE04EC0-301F-11D3-BF4B-00C04F79EFBC}") = "SecShare.Helper", "Shares\SecShare.Common\SecShare.Helper.csproj", "{08B14D65-7750-5BE4-9AEF-0F5002E9CECE}"
EndProject
Project("{FAE04EC0-301F-11D3-BF4B-00C04F79EFBC}") = "SecShare.System", "SecShare.System\SecShare.System.csproj", "{0EB4DF00-9246-4A7D-8136-58A5F48E24EA}"
EndProject
Global
	GlobalSection(SolutionConfigurationPlatforms) = preSolution
		Debug|Any CPU = Debug|Any CPU
		Release|Any CPU = Release|Any CPU
	EndGlobalSection
	GlobalSection(ProjectConfigurationPlatforms) = postSolution
		{6DD695A1-1E4C-309C-C7B4-8DCF23BA26DA}.Debug|Any CPU.ActiveCfg = Debug|Any CPU
		{6DD695A1-1E4C-309C-C7B4-8DCF23BA26DA}.Debug|Any CPU.Build.0 = Debug|Any CPU
		{6DD695A1-1E4C-309C-C7B4-8DCF23BA26DA}.Release|Any CPU.ActiveCfg = Release|Any CPU
		{6DD695A1-1E4C-309C-C7B4-8DCF23BA26DA}.Release|Any CPU.Build.0 = Release|Any CPU
		{978333F7-21F2-1FFF-AF90-7848B003F518}.Debug|Any CPU.ActiveCfg = Debug|Any CPU
		{978333F7-21F2-1FFF-AF90-7848B003F518}.Debug|Any CPU.Build.0 = Debug|Any CPU
		{978333F7-21F2-1FFF-AF90-7848B003F518}.Release|Any CPU.ActiveCfg = Release|Any CPU
		{978333F7-21F2-1FFF-AF90-7848B003F518}.Release|Any CPU.Build.0 = Release|Any CPU
		{EDB46927-3451-E8EE-E88E-5AB1B16B22D6}.Debug|Any CPU.ActiveCfg = Debug|Any CPU
		{EDB46927-3451-E8EE-E88E-5AB1B16B22D6}.Debug|Any CPU.Build.0 = Debug|Any CPU
		{EDB46927-3451-E8EE-E88E-5AB1B16B22D6}.Release|Any CPU.ActiveCfg = Release|Any CPU
		{EDB46927-3451-E8EE-E88E-5AB1B16B22D6}.Release|Any CPU.Build.0 = Release|Any CPU
		{45665CCD-1E6D-0FD1-5323-EB5858CFDD7D}.Debug|Any CPU.ActiveCfg = Debug|Any CPU
		{45665CCD-1E6D-0FD1-5323-EB5858CFDD7D}.Debug|Any CPU.Build.0 = Debug|Any CPU
		{45665CCD-1E6D-0FD1-5323-EB5858CFDD7D}.Release|Any CPU.ActiveCfg = Release|Any CPU
		{45665CCD-1E6D-0FD1-5323-EB5858CFDD7D}.Release|Any CPU.Build.0 = Release|Any CPU
		{2F39A19B-4D05-C9AD-F80D-51699378941C}.Debug|Any CPU.ActiveCfg = Debug|Any CPU
		{2F39A19B-4D05-C9AD-F80D-51699378941C}.Debug|Any CPU.Build.0 = Debug|Any CPU
		{2F39A19B-4D05-C9AD-F80D-51699378941C}.Release|Any CPU.ActiveCfg = Release|Any CPU
		{2F39A19B-4D05-C9AD-F80D-51699378941C}.Release|Any CPU.Build.0 = Release|Any CPU
		{A9F92CEE-FD54-1138-30F9-705DED75A6D4}.Debug|Any CPU.ActiveCfg = Debug|Any CPU
		{A9F92CEE-FD54-1138-30F9-705DED75A6D4}.Debug|Any CPU.Build.0 = Debug|Any CPU
		{A9F92CEE-FD54-1138-30F9-705DED75A6D4}.Release|Any CPU.ActiveCfg = Release|Any CPU
		{A9F92CEE-FD54-1138-30F9-705DED75A6D4}.Release|Any CPU.Build.0 = Release|Any CPU
		{220ED661-0B88-47C0-5015-5FC17DF26D16}.Debug|Any CPU.ActiveCfg = Debug|Any CPU
		{220ED661-0B88-47C0-5015-5FC17DF26D16}.Debug|Any CPU.Build.0 = Debug|Any CPU
		{220ED661-0B88-47C0-5015-5FC17DF26D16}.Release|Any CPU.ActiveCfg = Release|Any CPU
		{220ED661-0B88-47C0-5015-5FC17DF26D16}.Release|Any CPU.Build.0 = Release|Any CPU
		{6FC14860-6466-7B90-000B-A9EB8ECA5CDD}.Debug|Any CPU.ActiveCfg = Debug|Any CPU
		{6FC14860-6466-7B90-000B-A9EB8ECA5CDD}.Debug|Any CPU.Build.0 = Debug|Any CPU
		{6FC14860-6466-7B90-000B-A9EB8ECA5CDD}.Release|Any CPU.ActiveCfg = Release|Any CPU
		{6FC14860-6466-7B90-000B-A9EB8ECA5CDD}.Release|Any CPU.Build.0 = Release|Any CPU
		{2CA51257-E986-4243-A66F-8D36C2B0FE5E}.Debug|Any CPU.ActiveCfg = Debug|Any CPU
		{2CA51257-E986-4243-A66F-8D36C2B0FE5E}.Debug|Any CPU.Build.0 = Debug|Any CPU
		{2CA51257-E986-4243-A66F-8D36C2B0FE5E}.Release|Any CPU.ActiveCfg = Release|Any CPU
		{2CA51257-E986-4243-A66F-8D36C2B0FE5E}.Release|Any CPU.Build.0 = Release|Any CPU
		{6720C74B-C390-4A72-48EC-B0F61F4AAA43}.Debug|Any CPU.ActiveCfg = Debug|Any CPU
		{6720C74B-C390-4A72-48EC-B0F61F4AAA43}.Debug|Any CPU.Build.0 = Debug|Any CPU
		{6720C74B-C390-4A72-48EC-B0F61F4AAA43}.Release|Any CPU.ActiveCfg = Release|Any CPU
		{6720C74B-C390-4A72-48EC-B0F61F4AAA43}.Release|Any CPU.Build.0 = Release|Any CPU
		{35BE3FDE-4CD6-BA7D-C3A7-747039A8634D}.Debug|Any CPU.ActiveCfg = Debug|Any CPU
		{35BE3FDE-4CD6-BA7D-C3A7-747039A8634D}.Debug|Any CPU.Build.0 = Debug|Any CPU
		{35BE3FDE-4CD6-BA7D-C3A7-747039A8634D}.Release|Any CPU.ActiveCfg = Release|Any CPU
		{35BE3FDE-4CD6-BA7D-C3A7-747039A8634D}.Release|Any CPU.Build.0 = Release|Any CPU
		{08B14D65-7750-5BE4-9AEF-0F5002E9CECE}.Debug|Any CPU.ActiveCfg = Debug|Any CPU
		{08B14D65-7750-5BE4-9AEF-0F5002E9CECE}.Debug|Any CPU.Build.0 = Debug|Any CPU
		{08B14D65-7750-5BE4-9AEF-0F5002E9CECE}.Release|Any CPU.ActiveCfg = Release|Any CPU
		{08B14D65-7750-5BE4-9AEF-0F5002E9CECE}.Release|Any CPU.Build.0 = Release|Any CPU
		{0EB4DF00-9246-4A7D-8136-58A5F48E24EA}.Debug|Any CPU.ActiveCfg = Debug|Any CPU
		{0EB4DF00-9246-4A7D-8136-58A5F48E24EA}.Debug|Any CPU.Build.0 = Debug|Any CPU
		{0EB4DF00-9246-4A7D-8136-58A5F48E24EA}.Release|Any CPU.ActiveCfg = Release|Any CPU
		{0EB4DF00-9246-4A7D-8136-58A5F48E24EA}.Release|Any CPU.Build.0 = Release|Any CPU
	EndGlobalSection
	GlobalSection(SolutionProperties) = preSolution
		HideSolutionNode = FALSE
	EndGlobalSection
	GlobalSection(NestedProjects) = preSolution
		{6DD695A1-1E4C-309C-C7B4-8DCF23BA26DA} = {BF10217D-D6F9-4822-8D78-F6AE0B628ADE}
		{978333F7-21F2-1FFF-AF90-7848B003F518} = {BF10217D-D6F9-4822-8D78-F6AE0B628ADE}
		{EDB46927-3451-E8EE-E88E-5AB1B16B22D6} = {BF10217D-D6F9-4822-8D78-F6AE0B628ADE}
		{45665CCD-1E6D-0FD1-5323-EB5858CFDD7D} = {BF10217D-D6F9-4822-8D78-F6AE0B628ADE}
		{2F39A19B-4D05-C9AD-F80D-51699378941C} = {BF10217D-D6F9-4822-8D78-F6AE0B628ADE}
		{A9F92CEE-FD54-1138-30F9-705DED75A6D4} = {BF10217D-D6F9-4822-8D78-F6AE0B628ADE}
		{220ED661-0B88-47C0-5015-5FC17DF26D16} = {02EA681E-C7D8-13C7-8484-4AC65E1B71E8}
		{6FC14860-6466-7B90-000B-A9EB8ECA5CDD} = {33F65A74-8BF1-4511-B386-536AA24C98BA}
		{2CA51257-E986-4243-A66F-8D36C2B0FE5E} = {33F65A74-8BF1-4511-B386-536AA24C98BA}
		{6720C74B-C390-4A72-48EC-B0F61F4AAA43} = {33F65A74-8BF1-4511-B386-536AA24C98BA}
		{35BE3FDE-4CD6-BA7D-C3A7-747039A8634D} = {33F65A74-8BF1-4511-B386-536AA24C98BA}
		{08B14D65-7750-5BE4-9AEF-0F5002E9CECE} = {33F65A74-8BF1-4511-B386-536AA24C98BA}
		{0EB4DF00-9246-4A7D-8136-58A5F48E24EA} = {33F65A74-8BF1-4511-B386-536AA24C98BA}
	EndGlobalSection
	GlobalSection(ExtensibilityGlobals) = postSolution
		SolutionGuid = {691166A7-17FC-47EC-A5D8-05F6E6D8C29E}
	EndGlobalSection
EndGlobal
