
Microsoft Visual Studio Solution File, Format Version 12.00
# Visual Studio Version 17
VisualStudioVersion = 17.13.35919.96
MinimumVisualStudioVersion = 10.0.40219.1
Project("{2150E333-8FDC-42A3-9474-1A3956D46DE8}") = "FrontEnd", "FrontEnd", "{02EA681E-C7D8-13C7-8484-4AC65E1B71E8}"
EndProject
Project("{2150E333-8FDC-42A3-9474-1A3956D46DE8}") = "Services", "Services", "{BF10217D-D6F9-4822-8D78-F6AE0B628ADE}"
EndProject
Project("{2150E333-8FDC-42A3-9474-1A3956D46DE8}") = "Shares", "Shares", "{33F65A74-8BF1-4511-B386-536AA24C98BA}"
EndProject
Project("{FAE04EC0-301F-11D3-BF4B-00C04F79EFBC}") = "SecShare.FileAPI", "Services\SecShare.FileAPI\SecShare.FileAPI.csproj", "{6DD695A1-1E4C-309C-C7B4-8DCF23BA26DA}"
EndProject
Project("{FAE04EC0-301F-11D3-BF4B-00C04F79EFBC}") = "AuthAPI", "Services\SecShare.AuthAPI\AuthAPI.csproj", "{978333F7-21F2-1FFF-AF90-7848B003F518}"
EndProject
Project("{FAE04EC0-301F-11D3-BF4B-00C04F79EFBC}") = "SecShare.DocumentAPI", "Services\SecShare.DocumentAPI\SecShare.DocumentAPI.csproj", "{EDB46927-3451-E8EE-E88E-5AB1B16B22D6}"
EndProject
Project("{FAE04EC0-301F-11D3-BF4B-00C04F79EFBC}") = "SecShare.GroupAPI", "Services\SecShare.GroupAPI\SecShare.GroupAPI.csproj", "{45665CCD-1E6D-0FD1-5323-EB5858CFDD7D}"
EndProject
Project("{FAE04EC0-301F-11D3-BF4B-00C04F79EFBC}") = "SecShare.PaymentAPI", "Services\SecShare.PaymentAPI\SecShare.PaymentAPI.csproj", "{2F39A19B-4D05-C9AD-F80D-51699378941C}"
EndProject
Project("{FAE04EC0-301F-11D3-BF4B-00C04F79EFBC}") = "SecShare.SubscriptionAPI", "Services\SecShare.SubscriptionAPI\SecShare.SubscriptionAPI.csproj", "{A9F92CEE-FD54-1138-30F9-705DED75A6D4}"
EndProject
Project("{FAE04EC0-301F-11D3-BF4B-00C04F79EFBC}") = "SecShare.Servicer", "Shares\SecShare.Servicer\SecShare.Servicer.csproj", "{2CA51257-E986-4243-A66F-8D36C2B0FE5E}"
EndProject
Project("{FAE04EC0-301F-11D3-BF4B-00C04F79EFBC}") = "SecShare.Infrastructure", "Shares\SecShare.Infrastructure\SecShare.Infrastructure.csproj", "{6720C74B-C390-4A72-48EC-B0F61F4AAA43}"
EndProject
Project("{FAE04EC0-301F-11D3-BF4B-00C04F79EFBC}") = "SecShare.SystemConfig", "Shares\SecShare.System\SecShare.SystemConfig.csproj", "{F56B6CD4-8D9D-7CAC-4FB2-C3439CF43900}"
EndProject
Project("{FAE04EC0-301F-11D3-BF4B-00C04F79EFBC}") = "SecShare.Base", "Shares\SecShare.Base\SecShare.Base.csproj", "{783CAC70-C71D-0FDA-E96C-AF2ECB3DF1FB}"
EndProject
Project("{FAE04EC0-301F-11D3-BF4B-00C04F79EFBC}") = "SecShare.Core", "Shares\SecShare.Core\SecShare.Core.csproj", "{C2EA00DF-B2FC-83E5-1538-8AA022ABC277}"
EndProject
Project("{FAE04EC0-301F-11D3-BF4B-00C04F79EFBC}") = "SecShare.Helper", "Shares\SecShare.Helper\SecShare.Helper.csproj", "{E2E63CFB-A2B0-6EAE-0BC0-C98FBBAAF019}"
EndProject
Project("{FAE04EC0-301F-11D3-BF4B-00C04F79EFBC}") = "SecShare.Web", "FrontEnd\SecShare.Web\SecShare.Web.csproj", "{226D7257-97F7-449C-973D-9242FCB8FC37}"
EndProject
Global
	GlobalSection(SolutionConfigurationPlatforms) = preSolution
		Debug|Any CPU = Debug|Any CPU
		Release|Any CPU = Release|Any CPU
	EndGlobalSection
	GlobalSection(ProjectConfigurationPlatforms) = postSolution
		{6DD695A1-1E4C-309C-C7B4-8DCF23BA26DA}.Debug|Any CPU.ActiveCfg = Debug|Any CPU
		{6DD695A1-1E4C-309C-C7B4-8DCF23BA26DA}.Debug|Any CPU.Build.0 = Debug|Any CPU
		{6DD695A1-1E4C-309C-C7B4-8DCF23BA26DA}.Release|Any CPU.ActiveCfg = Release|Any CPU
		{6DD695A1-1E4C-309C-C7B4-8DCF23BA26DA}.Release|Any CPU.Build.0 = Release|Any CPU
		{978333F7-21F2-1FFF-AF90-7848B003F518}.Debug|Any CPU.ActiveCfg = Debug|Any CPU
		{978333F7-21F2-1FFF-AF90-7848B003F518}.Debug|Any CPU.Build.0 = Debug|Any CPU
		{978333F7-21F2-1FFF-AF90-7848B003F518}.Release|Any CPU.ActiveCfg = Release|Any CPU
		{978333F7-21F2-1FFF-AF90-7848B003F518}.Release|Any CPU.Build.0 = Release|Any CPU
		{EDB46927-3451-E8EE-E88E-5AB1B16B22D6}.Debug|Any CPU.ActiveCfg = Debug|Any CPU
		{EDB46927-3451-E8EE-E88E-5AB1B16B22D6}.Debug|Any CPU.Build.0 = Debug|Any CPU
		{EDB46927-3451-E8EE-E88E-5AB1B16B22D6}.Release|Any CPU.ActiveCfg = Release|Any CPU
		{EDB46927-3451-E8EE-E88E-5AB1B16B22D6}.Release|Any CPU.Build.0 = Release|Any CPU
		{45665CCD-1E6D-0FD1-5323-EB5858CFDD7D}.Debug|Any CPU.ActiveCfg = Debug|Any CPU
		{45665CCD-1E6D-0FD1-5323-EB5858CFDD7D}.Debug|Any CPU.Build.0 = Debug|Any CPU
		{45665CCD-1E6D-0FD1-5323-EB5858CFDD7D}.Release|Any CPU.ActiveCfg = Release|Any CPU
		{45665CCD-1E6D-0FD1-5323-EB5858CFDD7D}.Release|Any CPU.Build.0 = Release|Any CPU
		{2F39A19B-4D05-C9AD-F80D-51699378941C}.Debug|Any CPU.ActiveCfg = Debug|Any CPU
		{2F39A19B-4D05-C9AD-F80D-51699378941C}.Debug|Any CPU.Build.0 = Debug|Any CPU
		{2F39A19B-4D05-C9AD-F80D-51699378941C}.Release|Any CPU.ActiveCfg = Release|Any CPU
		{2F39A19B-4D05-C9AD-F80D-51699378941C}.Release|Any CPU.Build.0 = Release|Any CPU
		{A9F92CEE-FD54-1138-30F9-705DED75A6D4}.Debug|Any CPU.ActiveCfg = Debug|Any CPU
		{A9F92CEE-FD54-1138-30F9-705DED75A6D4}.Debug|Any CPU.Build.0 = Debug|Any CPU
		{A9F92CEE-FD54-1138-30F9-705DED75A6D4}.Release|Any CPU.ActiveCfg = Release|Any CPU
		{A9F92CEE-FD54-1138-30F9-705DED75A6D4}.Release|Any CPU.Build.0 = Release|Any CPU
		{2CA51257-E986-4243-A66F-8D36C2B0FE5E}.Debug|Any CPU.ActiveCfg = Debug|Any CPU
		{2CA51257-E986-4243-A66F-8D36C2B0FE5E}.Debug|Any CPU.Build.0 = Debug|Any CPU
		{2CA51257-E986-4243-A66F-8D36C2B0FE5E}.Release|Any CPU.ActiveCfg = Release|Any CPU
		{2CA51257-E986-4243-A66F-8D36C2B0FE5E}.Release|Any CPU.Build.0 = Release|Any CPU
		{6720C74B-C390-4A72-48EC-B0F61F4AAA43}.Debug|Any CPU.ActiveCfg = Debug|Any CPU
		{6720C74B-C390-4A72-48EC-B0F61F4AAA43}.Debug|Any CPU.Build.0 = Debug|Any CPU
		{6720C74B-C390-4A72-48EC-B0F61F4AAA43}.Release|Any CPU.ActiveCfg = Release|Any CPU
		{6720C74B-C390-4A72-48EC-B0F61F4AAA43}.Release|Any CPU.Build.0 = Release|Any CPU
		{F56B6CD4-8D9D-7CAC-4FB2-C3439CF43900}.Debug|Any CPU.ActiveCfg = Debug|Any CPU
		{F56B6CD4-8D9D-7CAC-4FB2-C3439CF43900}.Debug|Any CPU.Build.0 = Debug|Any CPU
		{F56B6CD4-8D9D-7CAC-4FB2-C3439CF43900}.Release|Any CPU.ActiveCfg = Release|Any CPU
		{F56B6CD4-8D9D-7CAC-4FB2-C3439CF43900}.Release|Any CPU.Build.0 = Release|Any CPU
		{783CAC70-C71D-0FDA-E96C-AF2ECB3DF1FB}.Debug|Any CPU.ActiveCfg = Debug|Any CPU
		{783CAC70-C71D-0FDA-E96C-AF2ECB3DF1FB}.Debug|Any CPU.Build.0 = Debug|Any CPU
		{783CAC70-C71D-0FDA-E96C-AF2ECB3DF1FB}.Release|Any CPU.ActiveCfg = Release|Any CPU
		{783CAC70-C71D-0FDA-E96C-AF2ECB3DF1FB}.Release|Any CPU.Build.0 = Release|Any CPU
		{C2EA00DF-B2FC-83E5-1538-8AA022ABC277}.Debug|Any CPU.ActiveCfg = Debug|Any CPU
		{C2EA00DF-B2FC-83E5-1538-8AA022ABC277}.Debug|Any CPU.Build.0 = Debug|Any CPU
		{C2EA00DF-B2FC-83E5-1538-8AA022ABC277}.Release|Any CPU.ActiveCfg = Release|Any CPU
		{C2EA00DF-B2FC-83E5-1538-8AA022ABC277}.Release|Any CPU.Build.0 = Release|Any CPU
		{E2E63CFB-A2B0-6EAE-0BC0-C98FBBAAF019}.Debug|Any CPU.ActiveCfg = Debug|Any CPU
		{E2E63CFB-A2B0-6EAE-0BC0-C98FBBAAF019}.Debug|Any CPU.Build.0 = Debug|Any CPU
		{E2E63CFB-A2B0-6EAE-0BC0-C98FBBAAF019}.Release|Any CPU.ActiveCfg = Release|Any CPU
		{E2E63CFB-A2B0-6EAE-0BC0-C98FBBAAF019}.Release|Any CPU.Build.0 = Release|Any CPU
		{226D7257-97F7-449C-973D-9242FCB8FC37}.Debug|Any CPU.ActiveCfg = Debug|Any CPU
		{226D7257-97F7-449C-973D-9242FCB8FC37}.Debug|Any CPU.Build.0 = Debug|Any CPU
		{226D7257-97F7-449C-973D-9242FCB8FC37}.Release|Any CPU.ActiveCfg = Release|Any CPU
		{226D7257-97F7-449C-973D-9242FCB8FC37}.Release|Any CPU.Build.0 = Release|Any CPU
	EndGlobalSection
	GlobalSection(SolutionProperties) = preSolution
		HideSolutionNode = FALSE
	EndGlobalSection
	GlobalSection(NestedProjects) = preSolution
		{6DD695A1-1E4C-309C-C7B4-8DCF23BA26DA} = {BF10217D-D6F9-4822-8D78-F6AE0B628ADE}
		{978333F7-21F2-1FFF-AF90-7848B003F518} = {BF10217D-D6F9-4822-8D78-F6AE0B628ADE}
		{EDB46927-3451-E8EE-E88E-5AB1B16B22D6} = {BF10217D-D6F9-4822-8D78-F6AE0B628ADE}
		{45665CCD-1E6D-0FD1-5323-EB5858CFDD7D} = {BF10217D-D6F9-4822-8D78-F6AE0B628ADE}
		{2F39A19B-4D05-C9AD-F80D-51699378941C} = {BF10217D-D6F9-4822-8D78-F6AE0B628ADE}
		{A9F92CEE-FD54-1138-30F9-705DED75A6D4} = {BF10217D-D6F9-4822-8D78-F6AE0B628ADE}
		{2CA51257-E986-4243-A66F-8D36C2B0FE5E} = {33F65A74-8BF1-4511-B386-536AA24C98BA}
		{6720C74B-C390-4A72-48EC-B0F61F4AAA43} = {33F65A74-8BF1-4511-B386-536AA24C98BA}
		{F56B6CD4-8D9D-7CAC-4FB2-C3439CF43900} = {33F65A74-8BF1-4511-B386-536AA24C98BA}
		{783CAC70-C71D-0FDA-E96C-AF2ECB3DF1FB} = {33F65A74-8BF1-4511-B386-536AA24C98BA}
		{C2EA00DF-B2FC-83E5-1538-8AA022ABC277} = {33F65A74-8BF1-4511-B386-536AA24C98BA}
		{E2E63CFB-A2B0-6EAE-0BC0-C98FBBAAF019} = {33F65A74-8BF1-4511-B386-536AA24C98BA}
		{226D7257-97F7-449C-973D-9242FCB8FC37} = {02EA681E-C7D8-13C7-8484-4AC65E1B71E8}
	EndGlobalSection
	GlobalSection(ExtensibilityGlobals) = postSolution
		SolutionGuid = {691166A7-17FC-47EC-A5D8-05F6E6D8C29E}
	EndGlobalSection
EndGlobal
