
Microsoft Visual Studio Solution File, Format Version 12.00
# Visual Studio Version 17
VisualStudioVersion = 17.13.35919.96 d17.13
MinimumVisualStudioVersion = 10.0.40219.1
Project("{2150E333-8FDC-42A3-9474-1A3956D46DE8}") = "FrontEnd", "FrontEnd", "{02EA681E-C7D8-13C7-8484-4AC65E1B71E8}"
EndProject
Project("{2150E333-8FDC-42A3-9474-1A3956D46DE8}") = "Services", "Services", "{BF10217D-D6F9-4822-8D78-F6AE0B628ADE}"
EndProject
Project("{FAE04EC0-301F-11D3-BF4B-00C04F79EFBC}") = "SecShare.AuthAPI", "SecShare.AuthAPI\SecShare.AuthAPI.csproj", "{37548063-0293-45A5-989B-939EF442A23B}"
EndProject
Project("{2150E333-8FDC-42A3-9474-1A3956D46DE8}") = "Shares", "Shares", "{33F65A74-8BF1-4511-B386-536AA24C98BA}"
EndProject
Project("{FAE04EC0-301F-11D3-BF4B-00C04F79EFBC}") = "SecShare.Helper", "SecShare.Common\SecShare.Helper.csproj", "{FE450A76-E53F-499F-90E9-625516938D43}"
EndProject
Project("{FAE04EC0-301F-11D3-BF4B-00C04F79EFBC}") = "SecShare.FileAPI", "SecShare.FileAPI\SecShare.FileAPI.csproj", "{DF261C7D-D635-4401-8F1C-EAA1F1AA8BB3}"
EndProject
Project("{FAE04EC0-301F-11D3-BF4B-00C04F79EFBC}") = "SecShare.DocumentAPI", "SecShare.DocumentAPI\SecShare.DocumentAPI.csproj", "{57B479D2-FE44-4570-8888-71C980C38434}"
EndProject
Project("{FAE04EC0-301F-11D3-BF4B-00C04F79EFBC}") = "SecShare.GroupAPI", "SecShare.GroupAPI\SecShare.GroupAPI.csproj", "{6B4C2F69-9A68-4634-B89F-3C9EC7B14029}"
EndProject
Project("{FAE04EC0-301F-11D3-BF4B-00C04F79EFBC}") = "SecShare.SubscriptionAPI", "SecShare.SubscriptionAPI\SecShare.SubscriptionAPI.csproj", "{F876D1E3-59C9-4898-951B-C78D043D4025}"
EndProject
Project("{FAE04EC0-301F-11D3-BF4B-00C04F79EFBC}") = "SecShare.PaymentAPI", "SecShare.PaymentAPI\SecShare.PaymentAPI.csproj", "{23C05B6A-B2E8-4412-BA29-4612A9BE095E}"
EndProject
Project("{FAE04EC0-301F-11D3-BF4B-00C04F79EFBC}") = "SecShare.Core", "SecShare.Domain\SecShare.Core.csproj", "{960C2ADF-339F-4D62-A567-AC91F985558E}"
EndProject
Project("{FAE04EC0-301F-11D3-BF4B-00C04F79EFBC}") = "SecShare.Base", "SecShare.Application\SecShare.Base.csproj", "{AEEAAFC9-5E28-4B33-B823-B82BEB7F7CE4}"
EndProject
Project("{FAE04EC0-301F-11D3-BF4B-00C04F79EFBC}") = "SecShare.Infrastructure", "SecShare.Infrastructure\SecShare.Infrastructure.csproj", "{3A4EE3C4-87E6-4385-89A2-E79DD38FF0A9}"
EndProject
Project("{FAE04EC0-301F-11D3-BF4B-00C04F79EFBC}") = "SecShare.Servicer", "SecShare.Servicer\SecShare.Servicer.csproj", "{43665253-E918-420E-907E-8843BB658E9E}"
EndProject
Project("{FAE04EC0-301F-11D3-BF4B-00C04F79EFBC}") = "SecShare.Web", "SecShare.Web\SecShare.Web.csproj", "{C9C9E596-54F5-4726-A119-456FC2BD4958}"
EndProject
Global
	GlobalSection(SolutionConfigurationPlatforms) = preSolution
		Debug|Any CPU = Debug|Any CPU
		Release|Any CPU = Release|Any CPU
	EndGlobalSection
	GlobalSection(ProjectConfigurationPlatforms) = postSolution
		{37548063-0293-45A5-989B-939EF442A23B}.Debug|Any CPU.ActiveCfg = Debug|Any CPU
		{37548063-0293-45A5-989B-939EF442A23B}.Debug|Any CPU.Build.0 = Debug|Any CPU
		{37548063-0293-45A5-989B-939EF442A23B}.Release|Any CPU.ActiveCfg = Release|Any CPU
		{37548063-0293-45A5-989B-939EF442A23B}.Release|Any CPU.Build.0 = Release|Any CPU
		{FE450A76-E53F-499F-90E9-625516938D43}.Debug|Any CPU.ActiveCfg = Debug|Any CPU
		{FE450A76-E53F-499F-90E9-625516938D43}.Debug|Any CPU.Build.0 = Debug|Any CPU
		{FE450A76-E53F-499F-90E9-625516938D43}.Release|Any CPU.ActiveCfg = Release|Any CPU
		{FE450A76-E53F-499F-90E9-625516938D43}.Release|Any CPU.Build.0 = Release|Any CPU
		{DF261C7D-D635-4401-8F1C-EAA1F1AA8BB3}.Debug|Any CPU.ActiveCfg = Debug|Any CPU
		{DF261C7D-D635-4401-8F1C-EAA1F1AA8BB3}.Debug|Any CPU.Build.0 = Debug|Any CPU
		{DF261C7D-D635-4401-8F1C-EAA1F1AA8BB3}.Release|Any CPU.ActiveCfg = Release|Any CPU
		{DF261C7D-D635-4401-8F1C-EAA1F1AA8BB3}.Release|Any CPU.Build.0 = Release|Any CPU
		{57B479D2-FE44-4570-8888-71C980C38434}.Debug|Any CPU.ActiveCfg = Debug|Any CPU
		{57B479D2-FE44-4570-8888-71C980C38434}.Debug|Any CPU.Build.0 = Debug|Any CPU
		{57B479D2-FE44-4570-8888-71C980C38434}.Release|Any CPU.ActiveCfg = Release|Any CPU
		{57B479D2-FE44-4570-8888-71C980C38434}.Release|Any CPU.Build.0 = Release|Any CPU
		{6B4C2F69-9A68-4634-B89F-3C9EC7B14029}.Debug|Any CPU.ActiveCfg = Debug|Any CPU
		{6B4C2F69-9A68-4634-B89F-3C9EC7B14029}.Debug|Any CPU.Build.0 = Debug|Any CPU
		{6B4C2F69-9A68-4634-B89F-3C9EC7B14029}.Release|Any CPU.ActiveCfg = Release|Any CPU
		{6B4C2F69-9A68-4634-B89F-3C9EC7B14029}.Release|Any CPU.Build.0 = Release|Any CPU
		{F876D1E3-59C9-4898-951B-C78D043D4025}.Debug|Any CPU.ActiveCfg = Debug|Any CPU
		{F876D1E3-59C9-4898-951B-C78D043D4025}.Debug|Any CPU.Build.0 = Debug|Any CPU
		{F876D1E3-59C9-4898-951B-C78D043D4025}.Release|Any CPU.ActiveCfg = Release|Any CPU
		{F876D1E3-59C9-4898-951B-C78D043D4025}.Release|Any CPU.Build.0 = Release|Any CPU
		{23C05B6A-B2E8-4412-BA29-4612A9BE095E}.Debug|Any CPU.ActiveCfg = Debug|Any CPU
		{23C05B6A-B2E8-4412-BA29-4612A9BE095E}.Debug|Any CPU.Build.0 = Debug|Any CPU
		{23C05B6A-B2E8-4412-BA29-4612A9BE095E}.Release|Any CPU.ActiveCfg = Release|Any CPU
		{23C05B6A-B2E8-4412-BA29-4612A9BE095E}.Release|Any CPU.Build.0 = Release|Any CPU
		{960C2ADF-339F-4D62-A567-AC91F985558E}.Debug|Any CPU.ActiveCfg = Debug|Any CPU
		{960C2ADF-339F-4D62-A567-AC91F985558E}.Debug|Any CPU.Build.0 = Debug|Any CPU
		{960C2ADF-339F-4D62-A567-AC91F985558E}.Release|Any CPU.ActiveCfg = Release|Any CPU
		{960C2ADF-339F-4D62-A567-AC91F985558E}.Release|Any CPU.Build.0 = Release|Any CPU
		{AEEAAFC9-5E28-4B33-B823-B82BEB7F7CE4}.Debug|Any CPU.ActiveCfg = Debug|Any CPU
		{AEEAAFC9-5E28-4B33-B823-B82BEB7F7CE4}.Debug|Any CPU.Build.0 = Debug|Any CPU
		{AEEAAFC9-5E28-4B33-B823-B82BEB7F7CE4}.Release|Any CPU.ActiveCfg = Release|Any CPU
		{AEEAAFC9-5E28-4B33-B823-B82BEB7F7CE4}.Release|Any CPU.Build.0 = Release|Any CPU
		{3A4EE3C4-87E6-4385-89A2-E79DD38FF0A9}.Debug|Any CPU.ActiveCfg = Debug|Any CPU
		{3A4EE3C4-87E6-4385-89A2-E79DD38FF0A9}.Debug|Any CPU.Build.0 = Debug|Any CPU
		{3A4EE3C4-87E6-4385-89A2-E79DD38FF0A9}.Release|Any CPU.ActiveCfg = Release|Any CPU
		{3A4EE3C4-87E6-4385-89A2-E79DD38FF0A9}.Release|Any CPU.Build.0 = Release|Any CPU
		{43665253-E918-420E-907E-8843BB658E9E}.Debug|Any CPU.ActiveCfg = Debug|Any CPU
		{43665253-E918-420E-907E-8843BB658E9E}.Debug|Any CPU.Build.0 = Debug|Any CPU
		{43665253-E918-420E-907E-8843BB658E9E}.Release|Any CPU.ActiveCfg = Release|Any CPU
		{43665253-E918-420E-907E-8843BB658E9E}.Release|Any CPU.Build.0 = Release|Any CPU
		{C9C9E596-54F5-4726-A119-456FC2BD4958}.Debug|Any CPU.ActiveCfg = Debug|Any CPU
		{C9C9E596-54F5-4726-A119-456FC2BD4958}.Debug|Any CPU.Build.0 = Debug|Any CPU
		{C9C9E596-54F5-4726-A119-456FC2BD4958}.Release|Any CPU.ActiveCfg = Release|Any CPU
		{C9C9E596-54F5-4726-A119-456FC2BD4958}.Release|Any CPU.Build.0 = Release|Any CPU
	EndGlobalSection
	GlobalSection(SolutionProperties) = preSolution
		HideSolutionNode = FALSE
	EndGlobalSection
	GlobalSection(NestedProjects) = preSolution
		{37548063-0293-45A5-989B-939EF442A23B} = {BF10217D-D6F9-4822-8D78-F6AE0B628ADE}
		{FE450A76-E53F-499F-90E9-625516938D43} = {33F65A74-8BF1-4511-B386-536AA24C98BA}
		{DF261C7D-D635-4401-8F1C-EAA1F1AA8BB3} = {BF10217D-D6F9-4822-8D78-F6AE0B628ADE}
		{57B479D2-FE44-4570-8888-71C980C38434} = {BF10217D-D6F9-4822-8D78-F6AE0B628ADE}
		{6B4C2F69-9A68-4634-B89F-3C9EC7B14029} = {BF10217D-D6F9-4822-8D78-F6AE0B628ADE}
		{F876D1E3-59C9-4898-951B-C78D043D4025} = {BF10217D-D6F9-4822-8D78-F6AE0B628ADE}
		{23C05B6A-B2E8-4412-BA29-4612A9BE095E} = {BF10217D-D6F9-4822-8D78-F6AE0B628ADE}
		{960C2ADF-339F-4D62-A567-AC91F985558E} = {33F65A74-8BF1-4511-B386-536AA24C98BA}
		{AEEAAFC9-5E28-4B33-B823-B82BEB7F7CE4} = {33F65A74-8BF1-4511-B386-536AA24C98BA}
		{3A4EE3C4-87E6-4385-89A2-E79DD38FF0A9} = {33F65A74-8BF1-4511-B386-536AA24C98BA}
		{43665253-E918-420E-907E-8843BB658E9E} = {33F65A74-8BF1-4511-B386-536AA24C98BA}
		{C9C9E596-54F5-4726-A119-456FC2BD4958} = {02EA681E-C7D8-13C7-8484-4AC65E1B71E8}
	EndGlobalSection
	GlobalSection(ExtensibilityGlobals) = postSolution
		SolutionGuid = {691166A7-17FC-47EC-A5D8-05F6E6D8C29E}
	EndGlobalSection
EndGlobal
